
Microsoft Visual Studio Solution File, Format Version 12.00
# Visual Studio Version 16
VisualStudioVersion = 16.0.29424.173
MinimumVisualStudioVersion = 10.0.40219.1
Project("{FAE04EC0-301F-11D3-BF4B-00C04F79EFBC}") = "dotnet-docker", "dotnet-docker.csproj", "{F6371F71-EF19-48A5-BB4E-8FA4581683E6}"
EndProject
Global
	GlobalSection(SolutionConfigurationPlatforms) = preSolution
		Debug|Any CPU = Debug|Any CPU
		Release|Any CPU = Release|Any CPU
	EndGlobalSection
	GlobalSection(ProjectConfigurationPlatforms) = postSolution
		{F6371F71-EF19-48A5-BB4E-8FA4581683E6}.Debug|Any CPU.ActiveCfg = Debug|Any CPU
		{F6371F71-EF19-48A5-BB4E-8FA4581683E6}.Debug|Any CPU.Build.0 = Debug|Any CPU
		{F6371F71-EF19-48A5-BB4E-8FA4581683E6}.Release|Any CPU.ActiveCfg = Release|Any CPU
		{F6371F71-EF19-48A5-BB4E-8FA4581683E6}.Release|Any CPU.Build.0 = Release|Any CPU
	EndGlobalSection
	GlobalSection(SolutionProperties) = preSolution
		HideSolutionNode = FALSE
	EndGlobalSection
	GlobalSection(ExtensibilityGlobals) = postSolution
		SolutionGuid = {EA9F0B09-1903-4461-AF55-3BAA93242377}
	EndGlobalSection
EndGlobal
